{
  "nodes": {
    "catppuccin": {
      "inputs": {
        "nixpkgs": "nixpkgs"
      },
      "locked": {
        "lastModified": 1754766349,
        "narHash": "sha256-ykTnH2nnGnY2Z18sYWryLZFvxRxEcEfgZrl4FwoD4R8=",
        "owner": "catppuccin",
        "repo": "nix",
        "rev": "10ebe71126157f98f180f747aec3fc4b497e3496",
        "type": "github"
      },
      "original": {
        "owner": "catppuccin",
        "repo": "nix",
        "type": "github"
      }
    },
    "flake-schemas": {
      "locked": {
        "lastModified": 1721999734,
        "narHash": "sha256-G5CxYeJVm4lcEtaO87LKzOsVnWeTcHGKbKxNamNWgOw=",
        "rev": "0a5c42297d870156d9c57d8f99e476b738dcd982",
        "revCount": 75,
        "type": "tarball",
        "url": "https://api.flakehub.com/f/pinned/DeterminateSystems/flake-schemas/0.1.5/0190ef2f-61e0-794b-ba14-e82f225e55e6/source.tar.gz?rev=0a5c42297d870156d9c57d8f99e476b738dcd982&revCount=75"
      },
      "original": {
        "type": "tarball",
        "url": "https://flakehub.com/f/DeterminateSystems/flake-schemas/%2A.tar.gz"
      }
    },
    "home-manager": {
      "inputs": {
        "nixpkgs": [
          "nixpkgs"
        ]
      },
      "locked": {
        "lastModified": 1754756528,
        "narHash": "sha256-W1jYKMetZSOHP5m2Z5Wokdj/ct17swPHs+MiY2WT1HQ=",
        "rev": "3ec1cd9a0703fbd55d865b7fd2b07d08374f0355",
        "revCount": 5247,
        "type": "tarball",
        "url": "https://api.flakehub.com/f/pinned/nix-community/home-manager/0.1.5247%2Brev-3ec1cd9a0703fbd55d865b7fd2b07d08374f0355/01988fe8-f7bb-736e-8bfa-cc288a342016/source.tar.gz?rev=3ec1cd9a0703fbd55d865b7fd2b07d08374f0355&revCount=5247"
      },
      "original": {
        "type": "tarball",
        "url": "https://flakehub.com/f/nix-community/home-manager/0.1.0.tar.gz"
      }
    },
    "minvim": {
      "flake": false,
      "locked": {
        "lastModified": 1746305725,
        "narHash": "sha256-RqPiknumhlR/+lVFEC4U7BXCfxZVH+ktsMySsbZ5EQU=",
        "owner": "alrefai",
        "repo": "minvim",
        "rev": "598b47cd5a0548bf1c73e0cdb6dcf2e1be852a73",
        "type": "github"
      },
      "original": {
        "owner": "alrefai",
        "ref": "config",
        "repo": "minvim",
        "type": "github"
      }
    },
    "mitmux": {
      "flake": false,
      "locked": {
        "lastModified": 1754311841,
        "narHash": "sha256-leo9SgPmVIFW1XHMSOfKci1ODrMRezd0R5bNjRFUOTM=",
        "owner": "alrefai",
        "repo": "mitmux",
        "rev": "7b1ce032a7adc02b24f2f829ef214de1e5943cd0",
        "type": "github"
      },
      "original": {
        "owner": "alrefai",
        "ref": "config",
        "repo": "mitmux",
        "type": "github"
      }
    },
    "nix-darwin": {
      "inputs": {
        "nixpkgs": [
          "nixpkgs"
        ]
      },
      "locked": {
        "lastModified": 1751313918,
        "narHash": "sha256-HsJM3XLa43WpG+665aGEh8iS8AfEwOIQWk3Mke3e7nk=",
        "owner": "nix-darwin",
        "repo": "nix-darwin",
        "rev": "e04a388232d9a6ba56967ce5b53a8a6f713cdfcf",
        "type": "github"
      },
      "original": {
        "owner": "nix-darwin",
        "ref": "master",
        "repo": "nix-darwin",
        "type": "github"
      }
    },
    "nixpkgs": {
      "locked": {
        "lastModified": 1753694789,
        "narHash": "sha256-cKgvtz6fKuK1Xr5LQW/zOUiAC0oSQoA9nOISB0pJZqM=",
        "owner": "NixOS",
        "repo": "nixpkgs",
        "rev": "dc9637876d0dcc8c9e5e22986b857632effeb727",
        "type": "github"
      },
      "original": {
        "owner": "NixOS",
        "ref": "nixos-unstable",
        "repo": "nixpkgs",
        "type": "github"
      }
    },
    "nixpkgs_2": {
      "locked": {
        "lastModified": 1754725699,
        "narHash": "sha256-iAcj9T/Y+3DBy2J0N+yF9XQQQ8IEb5swLFzs23CdP88=",
        "rev": "85dbfc7aaf52ecb755f87e577ddbe6dbbdbc1054",
        "revCount": 841808,
        "type": "tarball",
        "url": "https://api.flakehub.com/f/pinned/NixOS/nixpkgs/0.1.841808%2Brev-85dbfc7aaf52ecb755f87e577ddbe6dbbdbc1054/01989280-4b63-70f9-95b3-49c511cb4d92/source.tar.gz?rev=85dbfc7aaf52ecb755f87e577ddbe6dbbdbc1054&revCount=841808"
      },
      "original": {
        "type": "tarball",
        "url": "https://flakehub.com/f/NixOS/nixpkgs/0.1.0.tar.gz"
      }
    },
    "root": {
      "inputs": {
        "catppuccin": "catppuccin",
        "flake-schemas": "flake-schemas",
        "home-manager": "home-manager",
        "minvim": "minvim",
        "mitmux": "mitmux",
        "nix-darwin": "nix-darwin",
        "nixpkgs": "nixpkgs_2",
        "starship-yazi": "starship-yazi",
        "systems": "systems",
        "tmux-network-bandwidth": "tmux-network-bandwidth",
        "tmux-sessionx": "tmux-sessionx",
        "tmux-window-name": "tmux-window-name",
        "treefmt-nix": "treefmt-nix",
        "yazi-plugins": "yazi-plugins"
      }
    },
    "starship-yazi": {
      "flake": false,
      "locked": {
        "lastModified": 1751987592,
        "narHash": "sha256-PYeR6fiWDbUMpJbTFSkM57FzmCbsB4W4IXXe25wLncg=",
        "owner": "Rolv-Apneseth",
        "repo": "starship.yazi",
        "rev": "a63550b2f91f0553cc545fd8081a03810bc41bc0",
        "type": "github"
      },
      "original": {
        "owner": "Rolv-Apneseth",
        "repo": "starship.yazi",
        "type": "github"
      }
    },
    "systems": {
      "locked": {
        "lastModified": 1681028828,
        "narHash": "sha256-Vy1rq5AaRuLzOxct8nz4T6wlgyUR7zLU309k9mBC768=",
        "owner": "nix-systems",
        "repo": "default",
        "rev": "da67096a3b9bf56a91d16901293e51ba5b49a27e",
        "type": "github"
      },
      "original": {
        "id": "systems",
        "type": "indirect"
      }
    },
    "tmux-network-bandwidth": {
      "flake": false,
      "locked": {
        "lastModified": 1754230204,
        "narHash": "sha256-7bCxozWY6RGuQPBK0LjHj8z+IQ4C/WnfBU7ENFCycFo=",
        "owner": "alrefai",
        "repo": "tmux-network-bandwidth",
        "rev": "f7bef0f30419183dbac4a2af04a42c69cdccedd8",
        "type": "github"
      },
      "original": {
        "owner": "alrefai",
        "repo": "tmux-network-bandwidth",
        "type": "github"
      }
    },
    "tmux-sessionx": {
      "flake": false,
      "locked": {
        "lastModified": 1754419178,
        "narHash": "sha256-a/wI6UMQayOfQswIm690ypyT/Lxfbz0Uja21ZbqN3Xk=",
        "owner": "omerxx",
        "repo": "tmux-sessionx",
        "rev": "fe704934f8cec16f07fcb9e722ed868fd769c647",
        "type": "github"
      },
      "original": {
        "owner": "omerxx",
        "repo": "tmux-sessionx",
        "type": "github"
      }
    },
    "tmux-window-name": {
      "flake": false,
      "locked": {
        "lastModified": 1754319202,
        "narHash": "sha256-qP9pmJYbcGb1NiophTNexMF/nAQivqUENg8stsOERY4=",
        "owner": "joshmedeski",
        "repo": "tmux-nerd-font-window-name",
        "rev": "ab9c2cd2bfbbcf6f85ffff359d69b6a8712daf05",
        "type": "github"
      },
      "original": {
        "owner": "joshmedeski",
        "repo": "tmux-nerd-font-window-name",
        "type": "github"
      }
    },
    "treefmt-nix": {
      "inputs": {
        "nixpkgs": [
          "nixpkgs"
        ]
      },
      "locked": {
        "lastModified": 1754492133,
        "narHash": "sha256-B+3g9+76KlGe34Yk9za8AF3RL+lnbHXkLiVHLjYVOAc=",
        "owner": "numtide",
        "repo": "treefmt-nix",
        "rev": "1298185c05a56bff66383a20be0b41a307f52228",
        "type": "github"
      },
      "original": {
        "owner": "numtide",
        "repo": "treefmt-nix",
        "type": "github"
      }
    },
    "yazi-plugins": {
      "flake": false,
      "locked": {
        "lastModified": 1753282815,
        "narHash": "sha256-ixZKOtLOwLHLeSoEkk07TB3N57DXoVEyImR3qzGUzxQ=",
        "owner": "yazi-rs",
        "repo": "plugins",
        "rev": "de53d90cb2740f84ae595f93d0c4c23f8618a9e4",
        "type": "github"
      },
      "original": {
        "owner": "yazi-rs",
        "repo": "plugins",
        "type": "github"
      }
    }
  },
  "root": "root",
  "version": 7
}
