{
  "nodes": {
    "catppuccin": {
      "inputs": {
        "nixpkgs": "nixpkgs"
      },
      "locked": {
        "lastModified": 1783674541,
        "narHash": "sha256-vmUhEF/jBCZJeK0dInOls+HOAR0yiiQusN1+FZKaJss=",
        "owner": "catppuccin",
        "repo": "nix",
        "rev": "96799f24cf1366fe88e1293c3d27521a8f2129cf",
        "type": "github"
      },
      "original": {
        "owner": "catppuccin",
        "repo": "nix",
        "type": "github"
      }
    },
    "home-manager": {
      "inputs": {
        "nixpkgs": [
          "nixpkgs"
        ]
      },
      "locked": {
        "lastModified": 1783814254,
        "narHash": "sha256-bsqgm3shjBFaLJ8kzQxhPtc3ftqMeTSVBeCTg7ELA3k=",
        "owner": "nix-community",
        "repo": "home-manager",
        "rev": "e473bdcd8786928b35061bc281568d91d752a2e6",
        "type": "github"
      },
      "original": {
        "owner": "nix-community",
        "repo": "home-manager",
        "type": "github"
      }
    },
    "minvim": {
      "flake": false,
      "locked": {
        "lastModified": 1746305725,
        "narHash": "sha256-RqPiknumhlR/+lVFEC4U7BXCfxZVH+ktsMySsbZ5EQU=",
        "owner": "alrefai",
        "repo": "minvim",
        "rev": "598b47cd5a0548bf1c73e0cdb6dcf2e1be852a73",
        "type": "github"
      },
      "original": {
        "owner": "alrefai",
        "ref": "config",
        "repo": "minvim",
        "type": "github"
      }
    },
    "mitmux": {
      "flake": false,
      "locked": {
        "lastModified": 1754311841,
        "narHash": "sha256-leo9SgPmVIFW1XHMSOfKci1ODrMRezd0R5bNjRFUOTM=",
        "owner": "alrefai",
        "repo": "mitmux",
        "rev": "7b1ce032a7adc02b24f2f829ef214de1e5943cd0",
        "type": "github"
      },
      "original": {
        "owner": "alrefai",
        "ref": "config",
        "repo": "mitmux",
        "type": "github"
      }
    },
    "nix-darwin": {
      "inputs": {
        "nixpkgs": [
          "nixpkgs"
        ]
      },
      "locked": {
        "lastModified": 1783395956,
        "narHash": "sha256-AAbexQvDoK+6GFJdhY6kqjA+6ECKRkidgWxkn4gMwAA=",
        "owner": "nix-darwin",
        "repo": "nix-darwin",
        "rev": "d5bd9cd77aea4c0a8f49e7fd85545671a208ed15",
        "type": "github"
      },
      "original": {
        "owner": "nix-darwin",
        "ref": "master",
        "repo": "nix-darwin",
        "type": "github"
      }
    },
    "nix-darwin-x86_64": {
      "inputs": {
        "nixpkgs": [
          "nixpkgs-26_05-darwin"
        ]
      },
      "locked": {
        "lastModified": 1783395956,
        "narHash": "sha256-AAbexQvDoK+6GFJdhY6kqjA+6ECKRkidgWxkn4gMwAA=",
        "owner": "nix-darwin",
        "repo": "nix-darwin",
        "rev": "d5bd9cd77aea4c0a8f49e7fd85545671a208ed15",
        "type": "github"
      },
      "original": {
        "owner": "nix-darwin",
        "ref": "master",
        "repo": "nix-darwin",
        "type": "github"
      }
    },
    "nixpkgs": {
      "locked": {
        "lastModified": 1783279667,
        "narHash": "sha256-2l8yOB5aYd+05Q9V9Y1YhgbSa1j1o5QX+nvYs5FL80A=",
        "rev": "f205b5574fd0cb7da5b702a2da51507b7f4fdd1b",
        "type": "tarball",
        "url": "https://releases.nixos.org/nixpkgs/nixpkgs-26.11pre1028110.f205b5574fd0/nixexprs.tar.xz"
      },
      "original": {
        "type": "tarball",
        "url": "https://channels.nixos.org/nixpkgs-unstable/nixexprs.tar.xz"
      }
    },
    "nixpkgs-26_05-darwin": {
      "locked": {
        "lastModified": 1783707519,
        "narHash": "sha256-VJ+eK/EB7aIZ246bXjkYalr4YWQAtHRJeh15Qw2LxUs=",
        "owner": "nixos",
        "repo": "nixpkgs",
        "rev": "2b35450a66cf6ee8492099a6eb1903796965d32d",
        "type": "github"
      },
      "original": {
        "owner": "nixos",
        "ref": "nixpkgs-26.05-darwin",
        "repo": "nixpkgs",
        "type": "github"
      }
    },
    "nixpkgs_2": {
      "locked": {
        "lastModified": 1783522502,
        "narHash": "sha256-iffAls3iaNTyJC2faYcUXSI+Gp02cDjYl+MygxKl2GI=",
        "owner": "nixos",
        "repo": "nixpkgs",
        "rev": "0bb7ec54c8483066ec9d7720e780a5caa71f8612",
        "type": "github"
      },
      "original": {
        "owner": "nixos",
        "ref": "nixos-unstable",
        "repo": "nixpkgs",
        "type": "github"
      }
    },
    "root": {
      "inputs": {
        "catppuccin": "catppuccin",
        "home-manager": "home-manager",
        "minvim": "minvim",
        "mitmux": "mitmux",
        "nix-darwin": "nix-darwin",
        "nix-darwin-x86_64": "nix-darwin-x86_64",
        "nixpkgs": "nixpkgs_2",
        "nixpkgs-26_05-darwin": "nixpkgs-26_05-darwin",
        "starship-yazi": "starship-yazi",
        "systems": "systems",
        "tmux-network-bandwidth": "tmux-network-bandwidth",
        "tmux-sessionx": "tmux-sessionx",
        "tmux-window-name": "tmux-window-name",
        "treefmt-nix": "treefmt-nix",
        "yazi-plugins": "yazi-plugins"
      }
    },
    "starship-yazi": {
      "flake": false,
      "locked": {
        "lastModified": 1781463098,
        "narHash": "sha256-I21to4cxlszRpsb58cvsmwX7VglQBSJC0rrsFIltzC8=",
        "owner": "Rolv-Apneseth",
        "repo": "starship.yazi",
        "rev": "159eaba5b5052bf78ff6cfbfe4e527b946818c82",
        "type": "github"
      },
      "original": {
        "owner": "Rolv-Apneseth",
        "repo": "starship.yazi",
        "type": "github"
      }
    },
    "systems": {
      "locked": {
        "lastModified": 1681028828,
        "narHash": "sha256-Vy1rq5AaRuLzOxct8nz4T6wlgyUR7zLU309k9mBC768=",
        "owner": "nix-systems",
        "repo": "default",
        "rev": "da67096a3b9bf56a91d16901293e51ba5b49a27e",
        "type": "github"
      },
      "original": {
        "id": "systems",
        "type": "indirect"
      }
    },
    "tmux-network-bandwidth": {
      "flake": false,
      "locked": {
        "lastModified": 1754230204,
        "narHash": "sha256-7bCxozWY6RGuQPBK0LjHj8z+IQ4C/WnfBU7ENFCycFo=",
        "owner": "alrefai",
        "repo": "tmux-network-bandwidth",
        "rev": "f7bef0f30419183dbac4a2af04a42c69cdccedd8",
        "type": "github"
      },
      "original": {
        "owner": "alrefai",
        "repo": "tmux-network-bandwidth",
        "type": "github"
      }
    },
    "tmux-sessionx": {
      "flake": false,
      "locked": {
        "lastModified": 1776544171,
        "narHash": "sha256-ve1nZslZil30yWfrlzYGEMY9hRH2lJjoPuEBjwHvBz4=",
        "owner": "omerxx",
        "repo": "tmux-sessionx",
        "rev": "c9aaa1d309791871b5e8c1f9bfb91ecc5fa7da3a",
        "type": "github"
      },
      "original": {
        "owner": "omerxx",
        "repo": "tmux-sessionx",
        "type": "github"
      }
    },
    "tmux-window-name": {
      "flake": false,
      "locked": {
        "lastModified": 1775836742,
        "narHash": "sha256-b6CQdN33hU5li/0LUOHMs7oN8ffVRVQlSf17Twhz2e8=",
        "owner": "joshmedeski",
        "repo": "tmux-nerd-font-window-name",
        "rev": "0af812a228e1b9f538b8d220c6c59d82d7228973",
        "type": "github"
      },
      "original": {
        "owner": "joshmedeski",
        "repo": "tmux-nerd-font-window-name",
        "type": "github"
      }
    },
    "treefmt-nix": {
      "inputs": {
        "nixpkgs": [
          "nixpkgs"
        ]
      },
      "locked": {
        "lastModified": 1780220602,
        "narHash": "sha256-eynAfOmbmxJnkp7YewvCEbShNnnYJ9gLLqkzsYtBPeM=",
        "owner": "numtide",
        "repo": "treefmt-nix",
        "rev": "db947814a175b7ca6ded66e21383d938df01c227",
        "type": "github"
      },
      "original": {
        "owner": "numtide",
        "repo": "treefmt-nix",
        "type": "github"
      }
    },
    "yazi-plugins": {
      "flake": false,
      "locked": {
        "lastModified": 1783782066,
        "narHash": "sha256-FUGaDqj4ISvII63V6+T61FHHMj+9bs/cBMz5AvZ4MEc=",
        "owner": "yazi-rs",
        "repo": "plugins",
        "rev": "1cf48ea5b311c86d228eeb45d76cfe29d5312b19",
        "type": "github"
      },
      "original": {
        "owner": "yazi-rs",
        "repo": "plugins",
        "type": "github"
      }
    }
  },
  "root": "root",
  "version": 7
}
